# THIS IS AN AUTOGENERATED FILE. DO NOT EDIT THIS FILE DIRECTLY.
# yarn lockfile v1


typeface-open-sans@^0.0.75:
  version "0.0.75"
  resolved "https://registry.yarnpkg.com/typeface-open-sans/-/typeface-open-sans-0.0.75.tgz#20d0c330f14c0c40463c334adbedd6005389abe4"
  integrity sha512-0lLmB7pfj113OP4T78SbpSmC4OCdFQ0vUxdSXQccsSb6qF76F92iEuC/DghFgmPswTyidk8+Hwf+PS/htiJoRQ==
